{
  "version": 4,
  "terraform_version": "1.9.8",
  "serial": 2,
  "lineage": "9b4e9ef9-6a99-774e-4534-937fd5e62ba1",
  "outputs": {
    "api_key": {
      "value": "foobar",
      "type": "string",
      "sensitive": true
    },
    "application_name": {
      "value": "koensblog",
      "type": "string"
    },
    "environment_name": {
      "value": "test",
      "type": "string"
    },
    "environment_prefix": {
      "value": "koensblog-test-t4js3q",
      "type": "string"
    },
    "kind": {
      "value": "Standard",
      "type": "string"
    },
    "primary_region": {
      "value": "us-west-1",
      "type": "string"
    },
    "primary_region_instance_count": {
      "value": "8",
      "type": "string"
    },
    "suffix": {
      "value": "t4js3q",
      "type": "string"
    }
  },
  "resources": [
    {
      "mode": "managed",
      "type": "random_string",
      "name": "suffix",
      "provider": "provider[\"registry.terraform.io/hashicorp/random\"]",
      "instances": [
        {
          "schema_version": 2,
          "attributes": {
            "id": "t4js3q",
            "keepers": null,
            "length": 6,
            "lower": true,
            "min_lower": 0,
            "min_numeric": 0,
            "min_special": 0,
            "min_upper": 0,
            "number": true,
            "numeric": true,
            "override_special": null,
            "result": "t4js3q",
            "special": false,
            "upper": false
          },
          "sensitive_attributes": []
        }
      ]
    }
  ],
  "check_results": [
    {
      "object_kind": "var",
      "config_addr": "var.application_name",
      "status": "pass",
      "objects": [
        {
          "object_addr": "var.application_name",
          "status": "pass"
        }
      ]
    },
    {
      "object_kind": "var",
      "config_addr": "var.instance_count",
      "status": "unknown",
      "objects": [
        {
          "object_addr": "var.instance_count",
          "status": "unknown"
        }
      ]
    }
  ]
}
